
Microsoft Visual Studio Solution File, Format Version 12.00
# Visual Studio 15
VisualStudioVersion = 15.0.26124.0
MinimumVisualStudioVersion = 15.0.26124.0
Project("{FAE04EC0-301F-11D3-BF4B-00C04F79EFBC}") = "rps", "rps\rps.csproj", "{B965CDFF-5FA6-45F2-B5B3-0114E46BC149}"
EndProject
Project("{FAE04EC0-301F-11D3-BF4B-00C04F79EFBC}") = "rps_client", "rps_client\rps_client.csproj", "{52EFA68C-E873-4646-9941-DF8AE1FC615D}"
EndProject
Global
	GlobalSection(SolutionConfigurationPlatforms) = preSolution
		Debug|Any CPU = Debug|Any CPU
		Debug|x64 = Debug|x64
		Debug|x86 = Debug|x86
		Release|Any CPU = Release|Any CPU
		Release|x64 = Release|x64
		Release|x86 = Release|x86
	EndGlobalSection
	GlobalSection(SolutionProperties) = preSolution
		HideSolutionNode = FALSE
	EndGlobalSection
	GlobalSection(ProjectConfigurationPlatforms) = postSolution
		{B965CDFF-5FA6-45F2-B5B3-0114E46BC149}.Debug|Any CPU.ActiveCfg = Debug|Any CPU
		{B965CDFF-5FA6-45F2-B5B3-0114E46BC149}.Debug|Any CPU.Build.0 = Debug|Any CPU
		{B965CDFF-5FA6-45F2-B5B3-0114E46BC149}.Debug|x64.ActiveCfg = Debug|Any CPU
		{B965CDFF-5FA6-45F2-B5B3-0114E46BC149}.Debug|x64.Build.0 = Debug|Any CPU
		{B965CDFF-5FA6-45F2-B5B3-0114E46BC149}.Debug|x86.ActiveCfg = Debug|Any CPU
		{B965CDFF-5FA6-45F2-B5B3-0114E46BC149}.Debug|x86.Build.0 = Debug|Any CPU
		{B965CDFF-5FA6-45F2-B5B3-0114E46BC149}.Release|Any CPU.ActiveCfg = Release|Any CPU
		{B965CDFF-5FA6-45F2-B5B3-0114E46BC149}.Release|Any CPU.Build.0 = Release|Any CPU
		{B965CDFF-5FA6-45F2-B5B3-0114E46BC149}.Release|x64.ActiveCfg = Release|Any CPU
		{B965CDFF-5FA6-45F2-B5B3-0114E46BC149}.Release|x64.Build.0 = Release|Any CPU
		{B965CDFF-5FA6-45F2-B5B3-0114E46BC149}.Release|x86.ActiveCfg = Release|Any CPU
		{B965CDFF-5FA6-45F2-B5B3-0114E46BC149}.Release|x86.Build.0 = Release|Any CPU
		{52EFA68C-E873-4646-9941-DF8AE1FC615D}.Debug|Any CPU.ActiveCfg = Debug|Any CPU
		{52EFA68C-E873-4646-9941-DF8AE1FC615D}.Debug|Any CPU.Build.0 = Debug|Any CPU
		{52EFA68C-E873-4646-9941-DF8AE1FC615D}.Debug|x64.ActiveCfg = Debug|Any CPU
		{52EFA68C-E873-4646-9941-DF8AE1FC615D}.Debug|x64.Build.0 = Debug|Any CPU
		{52EFA68C-E873-4646-9941-DF8AE1FC615D}.Debug|x86.ActiveCfg = Debug|Any CPU
		{52EFA68C-E873-4646-9941-DF8AE1FC615D}.Debug|x86.Build.0 = Debug|Any CPU
		{52EFA68C-E873-4646-9941-DF8AE1FC615D}.Release|Any CPU.ActiveCfg = Release|Any CPU
		{52EFA68C-E873-4646-9941-DF8AE1FC615D}.Release|Any CPU.Build.0 = Release|Any CPU
		{52EFA68C-E873-4646-9941-DF8AE1FC615D}.Release|x64.ActiveCfg = Release|Any CPU
		{52EFA68C-E873-4646-9941-DF8AE1FC615D}.Release|x64.Build.0 = Release|Any CPU
		{52EFA68C-E873-4646-9941-DF8AE1FC615D}.Release|x86.ActiveCfg = Release|Any CPU
		{52EFA68C-E873-4646-9941-DF8AE1FC615D}.Release|x86.Build.0 = Release|Any CPU
	EndGlobalSection
EndGlobal
